uuid: 2bd7d68c-e7e1-469b-845a-b68904ec9800
langcode: en
status: true
dependencies:
  content:
    - 'block_content:basic:1eeca268-e241-4042-a145-aa69c0b04cb5'
  module:
    - block_content
    - system
  theme:
    - wr_bootstrap_sass
id: contactblock
theme: wr_bootstrap_sass
region: content
weight: -10
provider: null
plugin: 'block_content:1eeca268-e241-4042-a145-aa69c0b04cb5'
settings:
  id: 'block_content:1eeca268-e241-4042-a145-aa69c0b04cb5'
  label: 'Contact block'
  label_display: '0'
  provider: block_content
  status: true
  info: ''
  view_mode: full
visibility:
  request_path:
    id: request_path
    negate: false
    context_mapping: {  }
    pages: /contact
